NeoBundleLock auto-ctags.vim 8b0c0412b04e68d1867fddf342e84e6bd82f91ec
NeoBundleLock cpp-vim fa51a85b963c1d200404d11899b3a740f857bb15
NeoBundleLock neobundle.vim 30c40ccbfc6371fb922eece6e0657eb5da9e479b
NeoBundleLock neocomplete 1b99b4c43ddf70cd0a2008425f8920f8113e4cbb
NeoBundleLock unite-grep-vcs 193e5b67cc06ce1766421025ff19dd99a6778dbd
NeoBundleLock vim-marching a0052de116afbaae96879c6d22b6bd6aafd31d24
NeoBundleLock vim-tmux-navigator caf4c48141f9088632b457f488fb797af77c3ce1
